
Microsoft Visual Studio Solution File, Format Version 11.00
# Visual C++ Express 2010
Project("{8BC9CEB8-8B4A-11D0-8D11-00A0C91BC942}") = "LRE Copression algorithm", "LRE Copression algorithm\LRE Copression algorithm.vcxproj", "{ECE847B9-04C6-40DF-ABC8-F30CF89D115A}"
EndProject
Global
	GlobalSection(SolutionConfigurationPlatforms) = preSolution
		Debug|Win32 = Debug|Win32
		Release|Win32 = Release|Win32
	EndGlobalSection
	GlobalSection(ProjectConfigurationPlatforms) = postSolution
		{ECE847B9-04C6-40DF-ABC8-F30CF89D115A}.Debug|Win32.ActiveCfg = Debug|Win32
		{ECE847B9-04C6-40DF-ABC8-F30CF89D115A}.Debug|Win32.Build.0 = Debug|Win32
		{ECE847B9-04C6-40DF-ABC8-F30CF89D115A}.Release|Win32.ActiveCfg = Release|Win32
		{ECE847B9-04C6-40DF-ABC8-F30CF89D115A}.Release|Win32.Build.0 = Release|Win32
	EndGlobalSection
	GlobalSection(SolutionProperties) = preSolution
		HideSolutionNode = FALSE
	EndGlobalSection
EndGlobal
