
Microsoft Visual Studio Solution File, Format Version 11.00
# Visual C++ Express 2010
Project("{8BC9CEB8-8B4A-11D0-8D11-00A0C91BC942}") = "Cesar cipher", "Cesar cipher\Cesar cipher.vcxproj", "{F739620C-EDEB-4335-9BD1-9DA61A18A639}"
EndProject
Global
	GlobalSection(SolutionConfigurationPlatforms) = preSolution
		Debug|Win32 = Debug|Win32
		Release|Win32 = Release|Win32
	EndGlobalSection
	GlobalSection(ProjectConfigurationPlatforms) = postSolution
		{F739620C-EDEB-4335-9BD1-9DA61A18A639}.Debug|Win32.ActiveCfg = Debug|Win32
		{F739620C-EDEB-4335-9BD1-9DA61A18A639}.Debug|Win32.Build.0 = Debug|Win32
		{F739620C-EDEB-4335-9BD1-9DA61A18A639}.Release|Win32.ActiveCfg = Release|Win32
		{F739620C-EDEB-4335-9BD1-9DA61A18A639}.Release|Win32.Build.0 = Release|Win32
	EndGlobalSection
	GlobalSection(SolutionProperties) = preSolution
		HideSolutionNode = FALSE
	EndGlobalSection
EndGlobal
