<?xml version="1.0" encoding="utf-8"?>
<Project ToolsVersion="4.0" xmlns="http://schemas.microsoft.com/developer/msbuild/2003">
  <ItemGroup>
    <Filter Include="Source Files">
      <UniqueIdentifier>{73568aec-04aa-462d-96af-2935e4d4e98f}</UniqueIdentifier>
    </Filter>
    <Filter Include="Header Files">
      <UniqueIdentifier>{f16a0e7f-aa4e-4c74-b990-d3fbed140895}</UniqueIdentifier>
    </Filter>
    <Filter Include="Framework Files">
      <UniqueIdentifier>{dc9943e6-e351-43bf-b02f-5c70f04006a1}</UniqueIdentifier>
    </Filter>
    <Filter Include="Framework Files\Source Files">
      <UniqueIdentifier>{4FC737F1-C7A5-4376-A066-2A32D752A2FF}</UniqueIdentifier>
      <Extensions>cpp;c;cc;cxx;def;odl;idl;hpj;bat;asm;asmx</Extensions>
    </Filter>
    <Filter Include="Framework Files\Header Files">
      <UniqueIdentifier>{93995380-89BD-4b04-88EB-625FBE52EBFB}</UniqueIdentifier>
      <Extensions>h;hpp;hxx;hm;inl;inc;xsd</Extensions>
    </Filter>
    <Filter Include="Framework Files\Resource Files">
      <UniqueIdentifier>{67DA6AB6-F800-4c08-8B7A-83BB121AAD01}</UniqueIdentifier>
      <Extensions>rc;ico;cur;bmp;dlg;rc2;rct;bin;rgs;gif;jpg;jpeg;jpe;resx;tiff;tif;png;wav;mfcribbon-ms</Extensions>
    </Filter>
  </ItemGroup>
  <ItemGroup>
    <ClCompile Include="main.cpp">
      <Filter>Framework Files\Source Files</Filter>
    </ClCompile>
    <ClCompile Include="Game.cpp">
      <Filter>Framework Files\Source Files</Filter>
    </ClCompile>
    <ClCompile Include="GameObject.cpp">
      <Filter>Framework Files\Source Files</Filter>
    </ClCompile>
    <ClCompile Include="Gopher.cpp">
      <Filter>Framework Files\Source Files</Filter>
    </ClCompile>
    <ClCompile Include="FontRender.cpp">
      <Filter>Framework Files\Source Files</Filter>
    </ClCompile>
    <ClCompile Include="Controller.cpp">
      <Filter>Source Files</Filter>
    </ClCompile>
    <ClCompile Include="Agent_AI.cpp">
      <Filter>Source Files</Filter>
    </ClCompile>
  </ItemGroup>
  <ItemGroup>
    <ClInclude Include="Game.h">
      <Filter>Framework Files\Header Files</Filter>
    </ClInclude>
    <ClInclude Include="GameObject.h">
      <Filter>Framework Files\Header Files</Filter>
    </ClInclude>
    <ClInclude Include="Gopher.h">
      <Filter>Framework Files\Header Files</Filter>
    </ClInclude>
    <ClInclude Include="FontRender.h">
      <Filter>Framework Files\Header Files</Filter>
    </ClInclude>
    <ClInclude Include="helper.h">
      <Filter>Framework Files\Header Files</Filter>
    </ClInclude>
    <ClInclude Include="Coord.h">
      <Filter>Framework Files\Header Files</Filter>
    </ClInclude>
    <ClInclude Include="Controller.h">
      <Filter>Framework Files\Header Files</Filter>
    </ClInclude>
    <ClInclude Include="agent_AI.h">
      <Filter>Header Files</Filter>
    </ClInclude>
    <ClInclude Include="Status.h">
      <Filter>Header Files</Filter>
    </ClInclude>
  </ItemGroup>
  <ItemGroup>
    <None Include="map1.txt">
      <Filter>Framework Files\Resource Files</Filter>
    </None>
    <None Include="players.txt">
      <Filter>Framework Files\Resource Files</Filter>
    </None>
  </ItemGroup>
</Project>